
Microsoft Visual Studio Solution File, Format Version 12.00
# Visual Studio 2012
Project("{FAE04EC0-301F-11D3-BF4B-00C04F79EFBC}") = "09ExchangeVariableValues", "09ExchangeVariableValues\09ExchangeVariableValues.csproj", "{0AB136AD-F2AE-43D0-9767-F952DD20CFD1}"
EndProject
Project("{FAE04EC0-301F-11D3-BF4B-00C04F79EFBC}") = "10EmployeeData", "10EmployeeData\10EmployeeData.csproj", "{DF554856-3A6D-45DA-B9D3-EE07502D28E3}"
EndProject
Project("{FAE04EC0-301F-11D3-BF4B-00C04F79EFBC}") = "01Declare Variables", "01Declare Variables\01Declare Variables.csproj", "{DCEE3025-2C10-40CB-B075-D8C2BE6188C9}"
EndProject
Project("{FAE04EC0-301F-11D3-BF4B-00C04F79EFBC}") = "02FloatOrDouble", "02FloatOrDouble\02FloatOrDouble.csproj", "{DB530BFD-2447-4611-8817-9AB447ED99B4}"
EndProject
Project("{FAE04EC0-301F-11D3-BF4B-00C04F79EFBC}") = "03VarHexadecimalFormat", "03VarHexadecimalFormat\03VarHexadecimalFormat.csproj", "{A39AA1EA-B7BE-423C-B8E3-7C628066124D}"
EndProject
Project("{FAE04EC0-301F-11D3-BF4B-00C04F79EFBC}") = "04UnicodeCharacter", "04UnicodeCharacter\04UnicodeCharacter.csproj", "{224E15EB-0650-49E2-8170-7AA4F984E3EA}"
EndProject
Project("{FAE04EC0-301F-11D3-BF4B-00C04F79EFBC}") = "05BooleanVariable", "05BooleanVariable\05BooleanVariable.csproj", "{6761516B-0E18-4063-9F3A-24875DDF7FB6}"
EndProject
Project("{FAE04EC0-301F-11D3-BF4B-00C04F79EFBC}") = "06StringsAndObjects", "06StringAndObjects\06StringsAndObjects.csproj", "{C059871D-4F42-4D60-968B-059317C37526}"
EndProject
Project("{FAE04EC0-301F-11D3-BF4B-00C04F79EFBC}") = "07QuotesInStrings", "07QuiotesInStrings\07QuotesInStrings.csproj", "{43107700-41C8-429F-9EEA-E7148E8C7B1C}"
EndProject
Project("{FAE04EC0-301F-11D3-BF4B-00C04F79EFBC}") = "08IsoscelesTriangle", "08IsoscelesTriangle\08IsoscelesTriangle.csproj", "{12381334-1636-45F3-804D-E910B978750B}"
EndProject
Project("{FAE04EC0-301F-11D3-BF4B-00C04F79EFBC}") = "12NullValues", "12NullValues\12NullValues.csproj", "{A9AB5ABC-15A3-4D3C-B8AC-A0CD7F505F79}"
EndProject
Project("{FAE04EC0-301F-11D3-BF4B-00C04F79EFBC}") = "13ComparingFloats", "13ComparingFloats\13ComparingFloats.csproj", "{3D27C508-987C-4CD6-BB92-994B9D6E3E83}"
EndProject
Project("{FAE04EC0-301F-11D3-BF4B-00C04F79EFBC}") = "11BankAccountData", "11BankAccountData\11BankAccountData.csproj", "{56FB9227-5643-4399-9B9F-17A03AD1E8DE}"
EndProject
Project("{FAE04EC0-301F-11D3-BF4B-00C04F79EFBC}") = "14PrintTable", "14PrintTable\14PrintTable.csproj", "{2C8229A1-72A0-425F-9946-83B7D49D2DA5}"
EndProject
Project("{FAE04EC0-301F-11D3-BF4B-00C04F79EFBC}") = "15JoroTheFootballPlayer", "15JoroTheFootballPlayer\15JoroTheFootballPlayer.csproj", "{C317BE0B-687A-426D-A037-F91DA48138C1}"
EndProject
Project("{FAE04EC0-301F-11D3-BF4B-00C04F79EFBC}") = "16HalfSum", "16HalfSum\16HalfSum.csproj", "{B33BDE1F-D9DE-4701-8403-81E2B523EE02}"
EndProject
Global
	GlobalSection(SolutionConfigurationPlatforms) = preSolution
		Debug|Any CPU = Debug|Any CPU
		Debug|Mixed Platforms = Debug|Mixed Platforms
		Debug|Win32 = Debug|Win32
		Release|Any CPU = Release|Any CPU
		Release|Mixed Platforms = Release|Mixed Platforms
		Release|Win32 = Release|Win32
	EndGlobalSection
	GlobalSection(ProjectConfigurationPlatforms) = postSolution
		{0AB136AD-F2AE-43D0-9767-F952DD20CFD1}.Debug|Any CPU.ActiveCfg = Debug|Any CPU
		{0AB136AD-F2AE-43D0-9767-F952DD20CFD1}.Debug|Any CPU.Build.0 = Debug|Any CPU
		{0AB136AD-F2AE-43D0-9767-F952DD20CFD1}.Debug|Mixed Platforms.ActiveCfg = Debug|Any CPU
		{0AB136AD-F2AE-43D0-9767-F952DD20CFD1}.Debug|Mixed Platforms.Build.0 = Debug|Any CPU
		{0AB136AD-F2AE-43D0-9767-F952DD20CFD1}.Debug|Win32.ActiveCfg = Debug|Any CPU
		{0AB136AD-F2AE-43D0-9767-F952DD20CFD1}.Release|Any CPU.ActiveCfg = Release|Any CPU
		{0AB136AD-F2AE-43D0-9767-F952DD20CFD1}.Release|Any CPU.Build.0 = Release|Any CPU
		{0AB136AD-F2AE-43D0-9767-F952DD20CFD1}.Release|Mixed Platforms.ActiveCfg = Release|Any CPU
		{0AB136AD-F2AE-43D0-9767-F952DD20CFD1}.Release|Mixed Platforms.Build.0 = Release|Any CPU
		{0AB136AD-F2AE-43D0-9767-F952DD20CFD1}.Release|Win32.ActiveCfg = Release|Any CPU
		{DF554856-3A6D-45DA-B9D3-EE07502D28E3}.Debug|Any CPU.ActiveCfg = Debug|Any CPU
		{DF554856-3A6D-45DA-B9D3-EE07502D28E3}.Debug|Any CPU.Build.0 = Debug|Any CPU
		{DF554856-3A6D-45DA-B9D3-EE07502D28E3}.Debug|Mixed Platforms.ActiveCfg = Debug|Any CPU
		{DF554856-3A6D-45DA-B9D3-EE07502D28E3}.Debug|Mixed Platforms.Build.0 = Debug|Any CPU
		{DF554856-3A6D-45DA-B9D3-EE07502D28E3}.Debug|Win32.ActiveCfg = Debug|Any CPU
		{DF554856-3A6D-45DA-B9D3-EE07502D28E3}.Release|Any CPU.ActiveCfg = Release|Any CPU
		{DF554856-3A6D-45DA-B9D3-EE07502D28E3}.Release|Any CPU.Build.0 = Release|Any CPU
		{DF554856-3A6D-45DA-B9D3-EE07502D28E3}.Release|Mixed Platforms.ActiveCfg = Release|Any CPU
		{DF554856-3A6D-45DA-B9D3-EE07502D28E3}.Release|Mixed Platforms.Build.0 = Release|Any CPU
		{DF554856-3A6D-45DA-B9D3-EE07502D28E3}.Release|Win32.ActiveCfg = Release|Any CPU
		{DCEE3025-2C10-40CB-B075-D8C2BE6188C9}.Debug|Any CPU.ActiveCfg = Debug|Any CPU
		{DCEE3025-2C10-40CB-B075-D8C2BE6188C9}.Debug|Any CPU.Build.0 = Debug|Any CPU
		{DCEE3025-2C10-40CB-B075-D8C2BE6188C9}.Debug|Mixed Platforms.ActiveCfg = Debug|Any CPU
		{DCEE3025-2C10-40CB-B075-D8C2BE6188C9}.Debug|Mixed Platforms.Build.0 = Debug|Any CPU
		{DCEE3025-2C10-40CB-B075-D8C2BE6188C9}.Debug|Win32.ActiveCfg = Debug|Any CPU
		{DCEE3025-2C10-40CB-B075-D8C2BE6188C9}.Release|Any CPU.ActiveCfg = Release|Any CPU
		{DCEE3025-2C10-40CB-B075-D8C2BE6188C9}.Release|Any CPU.Build.0 = Release|Any CPU
		{DCEE3025-2C10-40CB-B075-D8C2BE6188C9}.Release|Mixed Platforms.ActiveCfg = Release|Any CPU
		{DCEE3025-2C10-40CB-B075-D8C2BE6188C9}.Release|Mixed Platforms.Build.0 = Release|Any CPU
		{DCEE3025-2C10-40CB-B075-D8C2BE6188C9}.Release|Win32.ActiveCfg = Release|Any CPU
		{DB530BFD-2447-4611-8817-9AB447ED99B4}.Debug|Any CPU.ActiveCfg = Debug|Any CPU
		{DB530BFD-2447-4611-8817-9AB447ED99B4}.Debug|Any CPU.Build.0 = Debug|Any CPU
		{DB530BFD-2447-4611-8817-9AB447ED99B4}.Debug|Mixed Platforms.ActiveCfg = Debug|Any CPU
		{DB530BFD-2447-4611-8817-9AB447ED99B4}.Debug|Mixed Platforms.Build.0 = Debug|Any CPU
		{DB530BFD-2447-4611-8817-9AB447ED99B4}.Debug|Win32.ActiveCfg = Debug|Any CPU
		{DB530BFD-2447-4611-8817-9AB447ED99B4}.Release|Any CPU.ActiveCfg = Release|Any CPU
		{DB530BFD-2447-4611-8817-9AB447ED99B4}.Release|Any CPU.Build.0 = Release|Any CPU
		{DB530BFD-2447-4611-8817-9AB447ED99B4}.Release|Mixed Platforms.ActiveCfg = Release|Any CPU
		{DB530BFD-2447-4611-8817-9AB447ED99B4}.Release|Mixed Platforms.Build.0 = Release|Any CPU
		{DB530BFD-2447-4611-8817-9AB447ED99B4}.Release|Win32.ActiveCfg = Release|Any CPU
		{A39AA1EA-B7BE-423C-B8E3-7C628066124D}.Debug|Any CPU.ActiveCfg = Debug|Any CPU
		{A39AA1EA-B7BE-423C-B8E3-7C628066124D}.Debug|Any CPU.Build.0 = Debug|Any CPU
		{A39AA1EA-B7BE-423C-B8E3-7C628066124D}.Debug|Mixed Platforms.ActiveCfg = Debug|Any CPU
		{A39AA1EA-B7BE-423C-B8E3-7C628066124D}.Debug|Mixed Platforms.Build.0 = Debug|Any CPU
		{A39AA1EA-B7BE-423C-B8E3-7C628066124D}.Debug|Win32.ActiveCfg = Debug|Any CPU
		{A39AA1EA-B7BE-423C-B8E3-7C628066124D}.Release|Any CPU.ActiveCfg = Release|Any CPU
		{A39AA1EA-B7BE-423C-B8E3-7C628066124D}.Release|Any CPU.Build.0 = Release|Any CPU
		{A39AA1EA-B7BE-423C-B8E3-7C628066124D}.Release|Mixed Platforms.ActiveCfg = Release|Any CPU
		{A39AA1EA-B7BE-423C-B8E3-7C628066124D}.Release|Mixed Platforms.Build.0 = Release|Any CPU
		{A39AA1EA-B7BE-423C-B8E3-7C628066124D}.Release|Win32.ActiveCfg = Release|Any CPU
		{224E15EB-0650-49E2-8170-7AA4F984E3EA}.Debug|Any CPU.ActiveCfg = Debug|Any CPU
		{224E15EB-0650-49E2-8170-7AA4F984E3EA}.Debug|Any CPU.Build.0 = Debug|Any CPU
		{224E15EB-0650-49E2-8170-7AA4F984E3EA}.Debug|Mixed Platforms.ActiveCfg = Debug|Any CPU
		{224E15EB-0650-49E2-8170-7AA4F984E3EA}.Debug|Mixed Platforms.Build.0 = Debug|Any CPU
		{224E15EB-0650-49E2-8170-7AA4F984E3EA}.Debug|Win32.ActiveCfg = Debug|Any CPU
		{224E15EB-0650-49E2-8170-7AA4F984E3EA}.Release|Any CPU.ActiveCfg = Release|Any CPU
		{224E15EB-0650-49E2-8170-7AA4F984E3EA}.Release|Any CPU.Build.0 = Release|Any CPU
		{224E15EB-0650-49E2-8170-7AA4F984E3EA}.Release|Mixed Platforms.ActiveCfg = Release|Any CPU
		{224E15EB-0650-49E2-8170-7AA4F984E3EA}.Release|Mixed Platforms.Build.0 = Release|Any CPU
		{224E15EB-0650-49E2-8170-7AA4F984E3EA}.Release|Win32.ActiveCfg = Release|Any CPU
		{6761516B-0E18-4063-9F3A-24875DDF7FB6}.Debug|Any CPU.ActiveCfg = Debug|Any CPU
		{6761516B-0E18-4063-9F3A-24875DDF7FB6}.Debug|Any CPU.Build.0 = Debug|Any CPU
		{6761516B-0E18-4063-9F3A-24875DDF7FB6}.Debug|Mixed Platforms.ActiveCfg = Debug|Any CPU
		{6761516B-0E18-4063-9F3A-24875DDF7FB6}.Debug|Mixed Platforms.Build.0 = Debug|Any CPU
		{6761516B-0E18-4063-9F3A-24875DDF7FB6}.Debug|Win32.ActiveCfg = Debug|Any CPU
		{6761516B-0E18-4063-9F3A-24875DDF7FB6}.Release|Any CPU.ActiveCfg = Release|Any CPU
		{6761516B-0E18-4063-9F3A-24875DDF7FB6}.Release|Any CPU.Build.0 = Release|Any CPU
		{6761516B-0E18-4063-9F3A-24875DDF7FB6}.Release|Mixed Platforms.ActiveCfg = Release|Any CPU
		{6761516B-0E18-4063-9F3A-24875DDF7FB6}.Release|Mixed Platforms.Build.0 = Release|Any CPU
		{6761516B-0E18-4063-9F3A-24875DDF7FB6}.Release|Win32.ActiveCfg = Release|Any CPU
		{C059871D-4F42-4D60-968B-059317C37526}.Debug|Any CPU.ActiveCfg = Debug|Any CPU
		{C059871D-4F42-4D60-968B-059317C37526}.Debug|Any CPU.Build.0 = Debug|Any CPU
		{C059871D-4F42-4D60-968B-059317C37526}.Debug|Mixed Platforms.ActiveCfg = Debug|Any CPU
		{C059871D-4F42-4D60-968B-059317C37526}.Debug|Mixed Platforms.Build.0 = Debug|Any CPU
		{C059871D-4F42-4D60-968B-059317C37526}.Debug|Win32.ActiveCfg = Debug|Any CPU
		{C059871D-4F42-4D60-968B-059317C37526}.Release|Any CPU.ActiveCfg = Release|Any CPU
		{C059871D-4F42-4D60-968B-059317C37526}.Release|Any CPU.Build.0 = Release|Any CPU
		{C059871D-4F42-4D60-968B-059317C37526}.Release|Mixed Platforms.ActiveCfg = Release|Any CPU
		{C059871D-4F42-4D60-968B-059317C37526}.Release|Mixed Platforms.Build.0 = Release|Any CPU
		{C059871D-4F42-4D60-968B-059317C37526}.Release|Win32.ActiveCfg = Release|Any CPU
		{43107700-41C8-429F-9EEA-E7148E8C7B1C}.Debug|Any CPU.ActiveCfg = Debug|Any CPU
		{43107700-41C8-429F-9EEA-E7148E8C7B1C}.Debug|Any CPU.Build.0 = Debug|Any CPU
		{43107700-41C8-429F-9EEA-E7148E8C7B1C}.Debug|Mixed Platforms.ActiveCfg = Debug|Any CPU
		{43107700-41C8-429F-9EEA-E7148E8C7B1C}.Debug|Mixed Platforms.Build.0 = Debug|Any CPU
		{43107700-41C8-429F-9EEA-E7148E8C7B1C}.Debug|Win32.ActiveCfg = Debug|Any CPU
		{43107700-41C8-429F-9EEA-E7148E8C7B1C}.Release|Any CPU.ActiveCfg = Release|Any CPU
		{43107700-41C8-429F-9EEA-E7148E8C7B1C}.Release|Any CPU.Build.0 = Release|Any CPU
		{43107700-41C8-429F-9EEA-E7148E8C7B1C}.Release|Mixed Platforms.ActiveCfg = Release|Any CPU
		{43107700-41C8-429F-9EEA-E7148E8C7B1C}.Release|Mixed Platforms.Build.0 = Release|Any CPU
		{43107700-41C8-429F-9EEA-E7148E8C7B1C}.Release|Win32.ActiveCfg = Release|Any CPU
		{12381334-1636-45F3-804D-E910B978750B}.Debug|Any CPU.ActiveCfg = Debug|Any CPU
		{12381334-1636-45F3-804D-E910B978750B}.Debug|Any CPU.Build.0 = Debug|Any CPU
		{12381334-1636-45F3-804D-E910B978750B}.Debug|Mixed Platforms.ActiveCfg = Debug|Any CPU
		{12381334-1636-45F3-804D-E910B978750B}.Debug|Mixed Platforms.Build.0 = Debug|Any CPU
		{12381334-1636-45F3-804D-E910B978750B}.Debug|Win32.ActiveCfg = Debug|Any CPU
		{12381334-1636-45F3-804D-E910B978750B}.Release|Any CPU.ActiveCfg = Release|Any CPU
		{12381334-1636-45F3-804D-E910B978750B}.Release|Any CPU.Build.0 = Release|Any CPU
		{12381334-1636-45F3-804D-E910B978750B}.Release|Mixed Platforms.ActiveCfg = Release|Any CPU
		{12381334-1636-45F3-804D-E910B978750B}.Release|Mixed Platforms.Build.0 = Release|Any CPU
		{12381334-1636-45F3-804D-E910B978750B}.Release|Win32.ActiveCfg = Release|Any CPU
		{A9AB5ABC-15A3-4D3C-B8AC-A0CD7F505F79}.Debug|Any CPU.ActiveCfg = Debug|Any CPU
		{A9AB5ABC-15A3-4D3C-B8AC-A0CD7F505F79}.Debug|Any CPU.Build.0 = Debug|Any CPU
		{A9AB5ABC-15A3-4D3C-B8AC-A0CD7F505F79}.Debug|Mixed Platforms.ActiveCfg = Debug|Any CPU
		{A9AB5ABC-15A3-4D3C-B8AC-A0CD7F505F79}.Debug|Mixed Platforms.Build.0 = Debug|Any CPU
		{A9AB5ABC-15A3-4D3C-B8AC-A0CD7F505F79}.Debug|Win32.ActiveCfg = Debug|Any CPU
		{A9AB5ABC-15A3-4D3C-B8AC-A0CD7F505F79}.Release|Any CPU.ActiveCfg = Release|Any CPU
		{A9AB5ABC-15A3-4D3C-B8AC-A0CD7F505F79}.Release|Any CPU.Build.0 = Release|Any CPU
		{A9AB5ABC-15A3-4D3C-B8AC-A0CD7F505F79}.Release|Mixed Platforms.ActiveCfg = Release|Any CPU
		{A9AB5ABC-15A3-4D3C-B8AC-A0CD7F505F79}.Release|Mixed Platforms.Build.0 = Release|Any CPU
		{A9AB5ABC-15A3-4D3C-B8AC-A0CD7F505F79}.Release|Win32.ActiveCfg = Release|Any CPU
		{3D27C508-987C-4CD6-BB92-994B9D6E3E83}.Debug|Any CPU.ActiveCfg = Debug|Any CPU
		{3D27C508-987C-4CD6-BB92-994B9D6E3E83}.Debug|Any CPU.Build.0 = Debug|Any CPU
		{3D27C508-987C-4CD6-BB92-994B9D6E3E83}.Debug|Mixed Platforms.ActiveCfg = Debug|Any CPU
		{3D27C508-987C-4CD6-BB92-994B9D6E3E83}.Debug|Mixed Platforms.Build.0 = Debug|Any CPU
		{3D27C508-987C-4CD6-BB92-994B9D6E3E83}.Debug|Win32.ActiveCfg = Debug|Any CPU
		{3D27C508-987C-4CD6-BB92-994B9D6E3E83}.Release|Any CPU.ActiveCfg = Release|Any CPU
		{3D27C508-987C-4CD6-BB92-994B9D6E3E83}.Release|Any CPU.Build.0 = Release|Any CPU
		{3D27C508-987C-4CD6-BB92-994B9D6E3E83}.Release|Mixed Platforms.ActiveCfg = Release|Any CPU
		{3D27C508-987C-4CD6-BB92-994B9D6E3E83}.Release|Mixed Platforms.Build.0 = Release|Any CPU
		{3D27C508-987C-4CD6-BB92-994B9D6E3E83}.Release|Win32.ActiveCfg = Release|Any CPU
		{56FB9227-5643-4399-9B9F-17A03AD1E8DE}.Debug|Any CPU.ActiveCfg = Debug|Any CPU
		{56FB9227-5643-4399-9B9F-17A03AD1E8DE}.Debug|Any CPU.Build.0 = Debug|Any CPU
		{56FB9227-5643-4399-9B9F-17A03AD1E8DE}.Debug|Mixed Platforms.ActiveCfg = Debug|Any CPU
		{56FB9227-5643-4399-9B9F-17A03AD1E8DE}.Debug|Mixed Platforms.Build.0 = Debug|Any CPU
		{56FB9227-5643-4399-9B9F-17A03AD1E8DE}.Debug|Win32.ActiveCfg = Debug|Any CPU
		{56FB9227-5643-4399-9B9F-17A03AD1E8DE}.Release|Any CPU.ActiveCfg = Release|Any CPU
		{56FB9227-5643-4399-9B9F-17A03AD1E8DE}.Release|Any CPU.Build.0 = Release|Any CPU
		{56FB9227-5643-4399-9B9F-17A03AD1E8DE}.Release|Mixed Platforms.ActiveCfg = Release|Any CPU
		{56FB9227-5643-4399-9B9F-17A03AD1E8DE}.Release|Mixed Platforms.Build.0 = Release|Any CPU
		{56FB9227-5643-4399-9B9F-17A03AD1E8DE}.Release|Win32.ActiveCfg = Release|Any CPU
		{2C8229A1-72A0-425F-9946-83B7D49D2DA5}.Debug|Any CPU.ActiveCfg = Debug|Any CPU
		{2C8229A1-72A0-425F-9946-83B7D49D2DA5}.Debug|Any CPU.Build.0 = Debug|Any CPU
		{2C8229A1-72A0-425F-9946-83B7D49D2DA5}.Debug|Mixed Platforms.ActiveCfg = Debug|Any CPU
		{2C8229A1-72A0-425F-9946-83B7D49D2DA5}.Debug|Mixed Platforms.Build.0 = Debug|Any CPU
		{2C8229A1-72A0-425F-9946-83B7D49D2DA5}.Debug|Win32.ActiveCfg = Debug|Any CPU
		{2C8229A1-72A0-425F-9946-83B7D49D2DA5}.Release|Any CPU.ActiveCfg = Release|Any CPU
		{2C8229A1-72A0-425F-9946-83B7D49D2DA5}.Release|Any CPU.Build.0 = Release|Any CPU
		{2C8229A1-72A0-425F-9946-83B7D49D2DA5}.Release|Mixed Platforms.ActiveCfg = Release|Any CPU
		{2C8229A1-72A0-425F-9946-83B7D49D2DA5}.Release|Mixed Platforms.Build.0 = Release|Any CPU
		{2C8229A1-72A0-425F-9946-83B7D49D2DA5}.Release|Win32.ActiveCfg = Release|Any CPU
		{C317BE0B-687A-426D-A037-F91DA48138C1}.Debug|Any CPU.ActiveCfg = Debug|Any CPU
		{C317BE0B-687A-426D-A037-F91DA48138C1}.Debug|Any CPU.Build.0 = Debug|Any CPU
		{C317BE0B-687A-426D-A037-F91DA48138C1}.Debug|Mixed Platforms.ActiveCfg = Debug|Any CPU
		{C317BE0B-687A-426D-A037-F91DA48138C1}.Debug|Mixed Platforms.Build.0 = Debug|Any CPU
		{C317BE0B-687A-426D-A037-F91DA48138C1}.Debug|Win32.ActiveCfg = Debug|Any CPU
		{C317BE0B-687A-426D-A037-F91DA48138C1}.Release|Any CPU.ActiveCfg = Release|Any CPU
		{C317BE0B-687A-426D-A037-F91DA48138C1}.Release|Any CPU.Build.0 = Release|Any CPU
		{C317BE0B-687A-426D-A037-F91DA48138C1}.Release|Mixed Platforms.ActiveCfg = Release|Any CPU
		{C317BE0B-687A-426D-A037-F91DA48138C1}.Release|Mixed Platforms.Build.0 = Release|Any CPU
		{C317BE0B-687A-426D-A037-F91DA48138C1}.Release|Win32.ActiveCfg = Release|Any CPU
		{B33BDE1F-D9DE-4701-8403-81E2B523EE02}.Debug|Any CPU.ActiveCfg = Debug|Any CPU
		{B33BDE1F-D9DE-4701-8403-81E2B523EE02}.Debug|Any CPU.Build.0 = Debug|Any CPU
		{B33BDE1F-D9DE-4701-8403-81E2B523EE02}.Debug|Mixed Platforms.ActiveCfg = Debug|Any CPU
		{B33BDE1F-D9DE-4701-8403-81E2B523EE02}.Debug|Mixed Platforms.Build.0 = Debug|Any CPU
		{B33BDE1F-D9DE-4701-8403-81E2B523EE02}.Debug|Win32.ActiveCfg = Debug|Any CPU
		{B33BDE1F-D9DE-4701-8403-81E2B523EE02}.Release|Any CPU.ActiveCfg = Release|Any CPU
		{B33BDE1F-D9DE-4701-8403-81E2B523EE02}.Release|Any CPU.Build.0 = Release|Any CPU
		{B33BDE1F-D9DE-4701-8403-81E2B523EE02}.Release|Mixed Platforms.ActiveCfg = Release|Any CPU
		{B33BDE1F-D9DE-4701-8403-81E2B523EE02}.Release|Mixed Platforms.Build.0 = Release|Any CPU
		{B33BDE1F-D9DE-4701-8403-81E2B523EE02}.Release|Win32.ActiveCfg = Release|Any CPU
	EndGlobalSection
	GlobalSection(SolutionProperties) = preSolution
		HideSolutionNode = FALSE
	EndGlobalSection
EndGlobal
